
Microsoft Visual Studio Solution File, Format Version 12.00
# Visual Studio 14
VisualStudioVersion = 14.0.25420.1
MinimumVisualStudioVersion = 10.0.40219.1
Project("{FAE04EC0-301F-11D3-BF4B-00C04F79EFBC}") = "DALUtility", "DALUtility\DALUtility.csproj", "{51DA4F6C-7C10-4A77-8F81-BEE9C3396FC1}"
EndProject
Project("{FAE04EC0-301F-11D3-BF4B-00C04F79EFBC}") = "EFDemo", "EFDemo\EFDemo.csproj", "{E5A7B37C-6AB4-4E84-A837-DB761FBBB055}"
EndProject
Project("{FAE04EC0-301F-11D3-BF4B-00C04F79EFBC}") = "EFTest", "EFTest\EFTest.csproj", "{73612394-DE0C-4C91-8F5B-49C5336F4775}"
EndProject
Project("{FAE04EC0-301F-11D3-BF4B-00C04F79EFBC}") = "Log4netUtility", "Log4netUtility\Log4netUtility.csproj", "{066456DB-9396-44DD-9707-0CFA74934F24}"
EndProject
Project("{FAE04EC0-301F-11D3-BF4B-00C04F79EFBC}") = "CsvUtility", "CsvUtility\CsvUtility.csproj", "{40BEC151-702A-42A0-8505-BDDF4B5882B9}"
EndProject
Project("{FAE04EC0-301F-11D3-BF4B-00C04F79EFBC}") = "CsvUtilityTest", "CsvUtilityTest\CsvUtilityTest.csproj", "{FE8A86CD-E8E0-4860-809D-23275AF5F9ED}"
EndProject
Global
	GlobalSection(SolutionConfigurationPlatforms) = preSolution
		Debug|Any CPU = Debug|Any CPU
		Release|Any CPU = Release|Any CPU
	EndGlobalSection
	GlobalSection(ProjectConfigurationPlatforms) = postSolution
		{51DA4F6C-7C10-4A77-8F81-BEE9C3396FC1}.Debug|Any CPU.ActiveCfg = Debug|Any CPU
		{51DA4F6C-7C10-4A77-8F81-BEE9C3396FC1}.Debug|Any CPU.Build.0 = Debug|Any CPU
		{51DA4F6C-7C10-4A77-8F81-BEE9C3396FC1}.Release|Any CPU.ActiveCfg = Release|Any CPU
		{51DA4F6C-7C10-4A77-8F81-BEE9C3396FC1}.Release|Any CPU.Build.0 = Release|Any CPU
		{E5A7B37C-6AB4-4E84-A837-DB761FBBB055}.Debug|Any CPU.ActiveCfg = Debug|Any CPU
		{E5A7B37C-6AB4-4E84-A837-DB761FBBB055}.Debug|Any CPU.Build.0 = Debug|Any CPU
		{E5A7B37C-6AB4-4E84-A837-DB761FBBB055}.Release|Any CPU.ActiveCfg = Release|Any CPU
		{E5A7B37C-6AB4-4E84-A837-DB761FBBB055}.Release|Any CPU.Build.0 = Release|Any CPU
		{73612394-DE0C-4C91-8F5B-49C5336F4775}.Debug|Any CPU.ActiveCfg = Debug|Any CPU
		{73612394-DE0C-4C91-8F5B-49C5336F4775}.Debug|Any CPU.Build.0 = Debug|Any CPU
		{73612394-DE0C-4C91-8F5B-49C5336F4775}.Release|Any CPU.ActiveCfg = Release|Any CPU
		{73612394-DE0C-4C91-8F5B-49C5336F4775}.Release|Any CPU.Build.0 = Release|Any CPU
		{066456DB-9396-44DD-9707-0CFA74934F24}.Debug|Any CPU.ActiveCfg = Debug|Any CPU
		{066456DB-9396-44DD-9707-0CFA74934F24}.Debug|Any CPU.Build.0 = Debug|Any CPU
		{066456DB-9396-44DD-9707-0CFA74934F24}.Release|Any CPU.ActiveCfg = Release|Any CPU
		{066456DB-9396-44DD-9707-0CFA74934F24}.Release|Any CPU.Build.0 = Release|Any CPU
		{40BEC151-702A-42A0-8505-BDDF4B5882B9}.Debug|Any CPU.ActiveCfg = Debug|Any CPU
		{40BEC151-702A-42A0-8505-BDDF4B5882B9}.Debug|Any CPU.Build.0 = Debug|Any CPU
		{40BEC151-702A-42A0-8505-BDDF4B5882B9}.Release|Any CPU.ActiveCfg = Release|Any CPU
		{40BEC151-702A-42A0-8505-BDDF4B5882B9}.Release|Any CPU.Build.0 = Release|Any CPU
		{FE8A86CD-E8E0-4860-809D-23275AF5F9ED}.Debug|Any CPU.ActiveCfg = Debug|Any CPU
		{FE8A86CD-E8E0-4860-809D-23275AF5F9ED}.Debug|Any CPU.Build.0 = Debug|Any CPU
		{FE8A86CD-E8E0-4860-809D-23275AF5F9ED}.Release|Any CPU.ActiveCfg = Release|Any CPU
		{FE8A86CD-E8E0-4860-809D-23275AF5F9ED}.Release|Any CPU.Build.0 = Release|Any CPU
	EndGlobalSection
	GlobalSection(SolutionProperties) = preSolution
		HideSolutionNode = FALSE
	EndGlobalSection
EndGlobal
